// !$*UTF8*$!
{
	archiveVersion = 1;
	classes = {
	};
	objectVersion = 51;
	objects = {

/* Begin PBXBuildFile section */
		1530907505C6970CB1F5A1A9 /* Pods_YFCommonTableView.framework in Frameworks */ = {isa = PBXBuildFile; fileRef = 55C8746FC908E48F31EA397F /* Pods_YFCommonTableView.framework */; };
		3B026F4E22E5BF6B00349945 /* AppDelegate.m in Sources */ = {isa = PBXBuildFile; fileRef = 3B026F4D22E5BF6B00349945 /* AppDelegate.m */; };
		3B026F5122E5BF6B00349945 /* ViewController.m in Sources */ = {isa = PBXBuildFile; fileRef = 3B026F5022E5BF6B00349945 /* ViewController.m */; };
		3B026F5422E5BF6B00349945 /* Main.storyboard in Resources */ = {isa = PBXBuildFile; fileRef = 3B026F5222E5BF6B00349945 /* Main.storyboard */; };
		3B026F5622E5BF6D00349945 /* Assets.xcassets in Resources */ = {isa = PBXBuildFile; fileRef = 3B026F5522E5BF6D00349945 /* Assets.xcassets */; };
		3B026F5922E5BF6D00349945 /* LaunchScreen.storyboard in Resources */ = {isa = PBXBuildFile; fileRef = 3B026F5722E5BF6D00349945 /* LaunchScreen.storyboard */; };
		3B026F5C22E5BF6D00349945 /* main.m in Sources */ = {isa = PBXBuildFile; fileRef = 3B026F5B22E5BF6D00349945 /* main.m */; };
		3B026F9F22E5BFE600349945 /* YFUserLabelItem.m in Sources */ = {isa = PBXBuildFile; fileRef = 3B026F8F22E5BFE600349945 /* YFUserLabelItem.m */; };
		3B026FA022E5BFE600349945 /* YFCommonBaseController.m in Sources */ = {isa = PBXBuildFile; fileRef = 3B026F9022E5BFE600349945 /* YFCommonBaseController.m */; };
		3B026FA122E5BFE600349945 /* YFUserCenterCell.m in Sources */ = {isa = PBXBuildFile; fileRef = 3B026F9222E5BFE600349945 /* YFUserCenterCell.m */; };
		3B026FA222E5BFE600349945 /* YFUserSaveItem.m in Sources */ = {isa = PBXBuildFile; fileRef = 3B026F9322E5BFE600349945 /* YFUserSaveItem.m */; };
		3B026FA322E5BFE600349945 /* YFUserGroup.m in Sources */ = {isa = PBXBuildFile; fileRef = 3B026F9422E5BFE600349945 /* YFUserGroup.m */; };
		3B026FA422E5BFE600349945 /* YFUserImageItem.m in Sources */ = {isa = PBXBuildFile; fileRef = 3B026F9622E5BFE600349945 /* YFUserImageItem.m */; };
		3B026FA522E5BFE600349945 /* YFUserItem.m in Sources */ = {isa = PBXBuildFile; fileRef = 3B026F9B22E5BFE600349945 /* YFUserItem.m */; };
		3B026FA622E5BFE600349945 /* YFUserArrowItem.m in Sources */ = {isa = PBXBuildFile; fileRef = 3B026F9E22E5BFE600349945 /* YFUserArrowItem.m */; };
		3B026FAA22E5C1CE00349945 /* UIFont+YFFont.m in Sources */ = {isa = PBXBuildFile; fileRef = 3B026FA922E5C1CE00349945 /* UIFont+YFFont.m */; };
/* End PBXBuildFile section */

/* Begin PBXFileReference section */
		3B026F4922E5BF6B00349945 /* YFCommonTableView.app */ = {isa = PBXFileReference; explicitFileType = wrapper.application; includeInIndex = 0; path = YFCommonTableView.app; sourceTree = BUILT_PRODUCTS_DIR; };
		3B026F4C22E5BF6B00349945 /* AppDelegate.h */ = {isa = PBXFileReference; lastKnownFileType = sourcecode.c.h; path = AppDelegate.h; sourceTree = "<group>"; };
		3B026F4D22E5BF6B00349945 /* AppDelegate.m */ = {isa = PBXFileReference; lastKnownFileType = sourcecode.c.objc; path = AppDelegate.m; sourceTree = "<group>"; };
		3B026F4F22E5BF6B00349945 /* ViewController.h */ = {isa = PBXFileReference; lastKnownFileType = sourcecode.c.h; path = ViewController.h; sourceTree = "<group>"; };
		3B026F5022E5BF6B00349945 /* ViewController.m */ = {isa = PBXFileReference; lastKnownFileType = sourcecode.c.objc; path = ViewController.m; sourceTree = "<group>"; };
		3B026F5322E5BF6B00349945 /* Base */ = {isa = PBXFileReference; lastKnownFileType = file.storyboard; name = Base; path = Base.lproj/Main.storyboard; sourceTree = "<group>"; };
		3B026F5522E5BF6D00349945 /* Assets.xcassets */ = {isa = PBXFileReference; lastKnownFileType = folder.assetcatalog; path = Assets.xcassets; sourceTree = "<group>"; };
		3B026F5822E5BF6D00349945 /* Base */ = {isa = PBXFileReference; lastKnownFileType = file.storyboard; name = Base; path = Base.lproj/LaunchScreen.storyboard; sourceTree = "<group>"; };
		3B026F5A22E5BF6D00349945 /* Info.plist */ = {isa = PBXFileReference; lastKnownFileType = text.plist.xml; path = Info.plist; sourceTree = "<group>"; };
		3B026F5B22E5BF6D00349945 /* main.m */ = {isa = PBXFileReference; lastKnownFileType = sourcecode.c.objc; path = main.m; sourceTree = "<group>"; };
		3B026F8F22E5BFE600349945 /* YFUserLabelItem.m */ = {isa = PBXFileReference; fileEncoding = 4; lastKnownFileType = sourcecode.c.objc; path = YFUserLabelItem.m; sourceTree = "<group>"; };
		3B026F9022E5BFE600349945 /* YFCommonBaseController.m */ = {isa = PBXFileReference; fileEncoding = 4; lastKnownFileType = sourcecode.c.objc; path = YFCommonBaseController.m; sourceTree = "<group>"; };
		3B026F9122E5BFE600349945 /* YFUserItem.h */ = {isa = PBXFileReference; fileEncoding = 4; lastKnownFileType = sourcecode.c.h; path = YFUserItem.h; sourceTree = "<group>"; };
		3B026F9222E5BFE600349945 /* YFUserCenterCell.m */ = {isa = PBXFileReference; fileEncoding = 4; lastKnownFileType = sourcecode.c.objc; path = YFUserCenterCell.m; sourceTree = "<group>"; };
		3B026F9322E5BFE600349945 /* YFUserSaveItem.m */ = {isa = PBXFileReference; fileEncoding = 4; lastKnownFileType = sourcecode.c.objc; path = YFUserSaveItem.m; sourceTree = "<group>"; };
		3B026F9422E5BFE600349945 /* YFUserGroup.m */ = {isa = PBXFileReference; fileEncoding = 4; lastKnownFileType = sourcecode.c.objc; path = YFUserGroup.m; sourceTree = "<group>"; };
		3B026F9522E5BFE600349945 /* YFUserArrowItem.h */ = {isa = PBXFileReference; fileEncoding = 4; lastKnownFileType = sourcecode.c.h; path = YFUserArrowItem.h; sourceTree = "<group>"; };
		3B026F9622E5BFE600349945 /* YFUserImageItem.m */ = {isa = PBXFileReference; fileEncoding = 4; lastKnownFileType = sourcecode.c.objc; path = YFUserImageItem.m; sourceTree = "<group>"; };
		3B026F9722E5BFE600349945 /* YFUserLabelItem.h */ = {isa = PBXFileReference; fileEncoding = 4; lastKnownFileType = sourcecode.c.h; path = YFUserLabelItem.h; sourceTree = "<group>"; };
		3B026F9822E5BFE600349945 /* YFUserGroup.h */ = {isa = PBXFileReference; fileEncoding = 4; lastKnownFileType = sourcecode.c.h; path = YFUserGroup.h; sourceTree = "<group>"; };
		3B026F9922E5BFE600349945 /* YFUserSaveItem.h */ = {isa = PBXFileReference; fileEncoding = 4; lastKnownFileType = sourcecode.c.h; path = YFUserSaveItem.h; sourceTree = "<group>"; };
		3B026F9A22E5BFE600349945 /* YFUserCenterCell.h */ = {isa = PBXFileReference; fileEncoding = 4; lastKnownFileType = sourcecode.c.h; path = YFUserCenterCell.h; sourceTree = "<group>"; };
		3B026F9B22E5BFE600349945 /* YFUserItem.m */ = {isa = PBXFileReference; fileEncoding = 4; lastKnownFileType = sourcecode.c.objc; path = YFUserItem.m; sourceTree = "<group>"; };
		3B026F9C22E5BFE600349945 /* YFCommonBaseController.h */ = {isa = PBXFileReference; fileEncoding = 4; lastKnownFileType = sourcecode.c.h; path = YFCommonBaseController.h; sourceTree = "<group>"; };
		3B026F9D22E5BFE600349945 /* YFUserImageItem.h */ = {isa = PBXFileReference; fileEncoding = 4; lastKnownFileType = sourcecode.c.h; path = YFUserImageItem.h; sourceTree = "<group>"; };
		3B026F9E22E5BFE600349945 /* YFUserArrowItem.m */ = {isa = PBXFileReference; fileEncoding = 4; lastKnownFileType = sourcecode.c.objc; path = YFUserArrowItem.m; sourceTree = "<group>"; };
		3B026FA722E5C0F600349945 /* YFCommonTableView.h */ = {isa = PBXFileReference; lastKnownFileType = sourcecode.c.h; path = YFCommonTableView.h; sourceTree = "<group>"; };
		3B026FA822E5C1CE00349945 /* UIFont+YFFont.h */ = {isa = PBXFileReference; fileEncoding = 4; lastKnownFileType = sourcecode.c.h; path = "UIFont+YFFont.h"; sourceTree = "<group>"; };
		3B026FA922E5C1CE00349945 /* UIFont+YFFont.m */ = {isa = PBXFileReference; fileEncoding = 4; lastKnownFileType = sourcecode.c.objc; path = "UIFont+YFFont.m"; sourceTree = "<group>"; };
		55C8746FC908E48F31EA397F /* Pods_YFCommonTableView.framework */ = {isa = PBXFileReference; explicitFileType = wrapper.framework; includeInIndex = 0; path = Pods_YFCommonTableView.framework; sourceTree = BUILT_PRODUCTS_DIR; };
		6B047621568CC5BFA00792BD /* Pods-YFCommonTableView.debug.xcconfig */ = {isa = PBXFileReference; includeInIndex = 1; lastKnownFileType = text.xcconfig; name = "Pods-YFCommonTableView.debug.xcconfig"; path = "Target Support Files/Pods-YFCommonTableView/Pods-YFCommonTableView.debug.xcconfig"; sourceTree = "<group>"; };
		83FFE1B36C33A10D786EC85E /* Pods-YFCommonTableView.release.xcconfig */ = {isa = PBXFileReference; includeInIndex = 1; lastKnownFileType = text.xcconfig; name = "Pods-YFCommonTableView.release.xcconfig"; path = "Target Support Files/Pods-YFCommonTableView/Pods-YFCommonTableView.release.xcconfig"; sourceTree = "<group>"; };
/* End PBXFileReference section */

/* Begin PBXFrameworksBuildPhase section */
		3B026F4622E5BF6B00349945 /* Frameworks */ = {
			isa = PBXFrameworksBuildPhase;
			buildActionMask = 2147483647;
			files = (
				1530907505C6970CB1F5A1A9 /* Pods_YFCommonTableView.framework in Frameworks */,
			);
			runOnlyForDeploymentPostprocessing = 0;
		};
/* End PBXFrameworksBuildPhase section */

/* Begin PBXGroup section */
		3B026F4022E5BF6B00349945 = {
			isa = PBXGroup;
			children = (
				3B026F4B22E5BF6B00349945 /* YFCommonTableView */,
				3B026F4A22E5BF6B00349945 /* Products */,
				98C6FA4E92F1873013267740 /* Pods */,
				965618A8A1CDE840878EBA6B /* Frameworks */,
			);
			sourceTree = "<group>";
		};
		3B026F4A22E5BF6B00349945 /* Products */ = {
			isa = PBXGroup;
			children = (
				3B026F4922E5BF6B00349945 /* YFCommonTableView.app */,
			);
			name = Products;
			sourceTree = "<group>";
		};
		3B026F4B22E5BF6B00349945 /* YFCommonTableView */ = {
			isa = PBXGroup;
			children = (
				3B026F4C22E5BF6B00349945 /* AppDelegate.h */,
				3B026F4D22E5BF6B00349945 /* AppDelegate.m */,
				3B026F4F22E5BF6B00349945 /* ViewController.h */,
				3B026F5022E5BF6B00349945 /* ViewController.m */,
				3B026F8E22E5BFE600349945 /* YFCommonTableView */,
				3B026F5222E5BF6B00349945 /* Main.storyboard */,
				3B026F5522E5BF6D00349945 /* Assets.xcassets */,
				3B026F5722E5BF6D00349945 /* LaunchScreen.storyboard */,
				3B026F5A22E5BF6D00349945 /* Info.plist */,
				3B026F5B22E5BF6D00349945 /* main.m */,
			);
			path = YFCommonTableView;
			sourceTree = "<group>";
		};
		3B026F8E22E5BFE600349945 /* YFCommonTableView */ = {
			isa = PBXGroup;
			children = (
				3B026F9522E5BFE600349945 /* YFUserArrowItem.h */,
				3B026F9E22E5BFE600349945 /* YFUserArrowItem.m */,
				3B026F9A22E5BFE600349945 /* YFUserCenterCell.h */,
				3B026F9222E5BFE600349945 /* YFUserCenterCell.m */,
				3B026F9822E5BFE600349945 /* YFUserGroup.h */,
				3B026F9422E5BFE600349945 /* YFUserGroup.m */,
				3B026F9D22E5BFE600349945 /* YFUserImageItem.h */,
				3B026F9622E5BFE600349945 /* YFUserImageItem.m */,
				3B026F9122E5BFE600349945 /* YFUserItem.h */,
				3B026F9B22E5BFE600349945 /* YFUserItem.m */,
				3B026F9722E5BFE600349945 /* YFUserLabelItem.h */,
				3B026F8F22E5BFE600349945 /* YFUserLabelItem.m */,
				3B026F9922E5BFE600349945 /* YFUserSaveItem.h */,
				3B026F9322E5BFE600349945 /* YFUserSaveItem.m */,
				3B026F9C22E5BFE600349945 /* YFCommonBaseController.h */,
				3B026F9022E5BFE600349945 /* YFCommonBaseController.m */,
				3B026FA722E5C0F600349945 /* YFCommonTableView.h */,
				3B026FA822E5C1CE00349945 /* UIFont+YFFont.h */,
				3B026FA922E5C1CE00349945 /* UIFont+YFFont.m */,
			);
			path = YFCommonTableView;
			sourceTree = "<group>";
		};
		965618A8A1CDE840878EBA6B /* Frameworks */ = {
			isa = PBXGroup;
			children = (
				55C8746FC908E48F31EA397F /* Pods_YFCommonTableView.framework */,
			);
			name = Frameworks;
			sourceTree = "<group>";
		};
		98C6FA4E92F1873013267740 /* Pods */ = {
			isa = PBXGroup;
			children = (
				6B047621568CC5BFA00792BD /* Pods-YFCommonTableView.debug.xcconfig */,
				83FFE1B36C33A10D786EC85E /* Pods-YFCommonTableView.release.xcconfig */,
			);
			path = Pods;
			sourceTree = "<group>";
		};
/* End PBXGroup section */

/* Begin PBXNativeTarget section */
		3B026F4822E5BF6B00349945 /* YFCommonTableView */ = {
			isa = PBXNativeTarget;
			buildConfigurationList = 3B026F5F22E5BF6D00349945 /* Build configuration list for PBXNativeTarget "YFCommonTableView" */;
			buildPhases = (
				383107FC7C1FC98546A51F23 /* [CP] Check Pods Manifest.lock */,
				3B026F4522E5BF6B00349945 /* Sources */,
				3B026F4622E5BF6B00349945 /* Frameworks */,
				3B026F4722E5BF6B00349945 /* Resources */,
				DB19D3BDD228D9E10E8AAEE4 /* [CP] Embed Pods Frameworks */,
			);
			buildRules = (
			);
			dependencies = (
			);
			name = YFCommonTableView;
			productName = YFCommonTableView;
			productReference = 3B026F4922E5BF6B00349945 /* YFCommonTableView.app */;
			productType = "com.apple.product-type.application";
		};
/* End PBXNativeTarget section */

/* Begin PBXProject section */
		3B026F4122E5BF6B00349945 /* Project object */ = {
			isa = PBXProject;
			attributes = {
				LastUpgradeCheck = 1020;
				ORGANIZATIONNAME = yunfei;
				TargetAttributes = {
					3B026F4822E5BF6B00349945 = {
						CreatedOnToolsVersion = 10.2.1;
					};
				};
			};
			buildConfigurationList = 3B026F4422E5BF6B00349945 /* Build configuration list for PBXProject "YFCommonTableView" */;
			compatibilityVersion = "Xcode 9.3";
			developmentRegion = en;
			hasScannedForEncodings = 0;
			knownRegions = (
				en,
				Base,
			);
			mainGroup = 3B026F4022E5BF6B00349945;
			productRefGroup = 3B026F4A22E5BF6B00349945 /* Products */;
			projectDirPath = "";
			projectRoot = "";
			targets = (
				3B026F4822E5BF6B00349945 /* YFCommonTableView */,
			);
		};
/* End PBXProject section */

/* Begin PBXResourcesBuildPhase section */
		3B026F4722E5BF6B00349945 /* Resources */ = {
			isa = PBXResourcesBuildPhase;
			buildActionMask = 2147483647;
			files = (
				3B026F5922E5BF6D00349945 /* LaunchScreen.storyboard in Resources */,
				3B026F5622E5BF6D00349945 /* Assets.xcassets in Resources */,
				3B026F5422E5BF6B00349945 /* Main.storyboard in Resources */,
			);
			runOnlyForDeploymentPostprocessing = 0;
		};
/* End PBXResourcesBuildPhase section */

/* Begin PBXShellScriptBuildPhase section */
		383107FC7C1FC98546A51F23 /* [CP] Check Pods Manifest.lock */ = {
			isa = PBXShellScriptBuildPhase;
			buildActionMask = 2147483647;
			files = (
			);
			inputFileListPaths = (
			);
			inputPaths = (
				"${PODS_PODFILE_DIR_PATH}/Podfile.lock",
				"${PODS_ROOT}/Manifest.lock",
			);
			name = "[CP] Check Pods Manifest.lock";
			outputFileListPaths = (
			);
			outputPaths = (
				"$(DERIVED_FILE_DIR)/Pods-YFCommonTableView-checkManifestLockResult.txt",
			);
			runOnlyForDeploymentPostprocessing = 0;
			shellPath = /bin/sh;
			shellScript = "diff \"${PODS_PODFILE_DIR_PATH}/Podfile.lock\" \"${PODS_ROOT}/Manifest.lock\" > /dev/null\nif [ $? != 0 ] ; then\n    # print error to STDERR\n    echo \"error: The sandbox is not in sync with the Podfile.lock. Run 'pod install' or update your CocoaPods installation.\" >&2\n    exit 1\nfi\n# This output is used by Xcode 'outputs' to avoid re-running this script phase.\necho \"SUCCESS\" > \"${SCRIPT_OUTPUT_FILE_0}\"\n";
			showEnvVarsInLog = 0;
		};
		DB19D3BDD228D9E10E8AAEE4 /* [CP] Embed Pods Frameworks */ = {
			isa = PBXShellScriptBuildPhase;
			buildActionMask = 2147483647;
			files = (
			);
			inputFileListPaths = (
				"${PODS_ROOT}/Target Support Files/Pods-YFCommonTableView/Pods-YFCommonTableView-frameworks-${CONFIGURATION}-input-files.xcfilelist",
			);
			name = "[CP] Embed Pods Frameworks";
			outputFileListPaths = (
				"${PODS_ROOT}/Target Support Files/Pods-YFCommonTableView/Pods-YFCommonTableView-frameworks-${CONFIGURATION}-output-files.xcfilelist",
			);
			runOnlyForDeploymentPostprocessing = 0;
			shellPath = /bin/sh;
			shellScript = "\"${PODS_ROOT}/Target Support Files/Pods-YFCommonTableView/Pods-YFCommonTableView-frameworks.sh\"\n";
			showEnvVarsInLog = 0;
		};
/* End PBXShellScriptBuildPhase section */

/* Begin PBXSourcesBuildPhase section */
		3B026F4522E5BF6B00349945 /* Sources */ = {
			isa = PBXSourcesBuildPhase;
			buildActionMask = 2147483647;
			files = (
				3B026F9F22E5BFE600349945 /* YFUserLabelItem.m in Sources */,
				3B026F5122E5BF6B00349945 /* ViewController.m in Sources */,
				3B026FA422E5BFE600349945 /* YFUserImageItem.m in Sources */,
				3B026FA522E5BFE600349945 /* YFUserItem.m in Sources */,
				3B026FAA22E5C1CE00349945 /* UIFont+YFFont.m in Sources */,
				3B026FA322E5BFE600349945 /* YFUserGroup.m in Sources */,
				3B026F5C22E5BF6D00349945 /* main.m in Sources */,
				3B026F4E22E5BF6B00349945 /* AppDelegate.m in Sources */,
				3B026FA222E5BFE600349945 /* YFUserSaveItem.m in Sources */,
				3B026FA022E5BFE600349945 /* YFCommonBaseController.m in Sources */,
				3B026FA122E5BFE600349945 /* YFUserCenterCell.m in Sources */,
				3B026FA622E5BFE600349945 /* YFUserArrowItem.m in Sources */,
			);
			runOnlyForDeploymentPostprocessing = 0;
		};
/* End PBXSourcesBuildPhase section */

/* Begin PBXVariantGroup section */
		3B026F5222E5BF6B00349945 /* Main.storyboard */ = {
			isa = PBXVariantGroup;
			children = (
				3B026F5322E5BF6B00349945 /* Base */,
			);
			name = Main.storyboard;
			sourceTree = "<group>";
		};
		3B026F5722E5BF6D00349945 /* LaunchScreen.storyboard */ = {
			isa = PBXVariantGroup;
			children = (
				3B026F5822E5BF6D00349945 /* Base */,
			);
			name = LaunchScreen.storyboard;
			sourceTree = "<group>";
		};
/* End PBXVariantGroup section */

/* Begin XCBuildConfiguration section */
		3B026F5D22E5BF6D00349945 /* Debug */ = {
			isa = XCBuildConfiguration;
			buildSettings = {
				ALWAYS_SEARCH_USER_PATHS = NO;
				CLANG_ANALYZER_NONNULL = YES;
				CLANG_ANALYZER_NUMBER_OBJECT_CONVERSION = YES_AGGRESSIVE;
				CLANG_CXX_LANGUAGE_STANDARD = "gnu++14";
				CLANG_CXX_LIBRARY = "libc++";
				CLANG_ENABLE_MODULES = YES;
				CLANG_ENABLE_OBJC_ARC = YES;
				CLANG_ENABLE_OBJC_WEAK = YES;
				CLANG_WARN_BLOCK_CAPTURE_AUTORELEASING = YES;
				CLANG_WARN_BOOL_CONVERSION = YES;
				CLANG_WARN_COMMA = YES;
				CLANG_WARN_CONSTANT_CONVERSION = YES;
				CLANG_WARN_DEPRECATED_OBJC_IMPLEMENTATIONS = YES;
				CLANG_WARN_DIRECT_OBJC_ISA_USAGE = YES_ERROR;
				CLANG_WARN_DOCUMENTATION_COMMENTS = YES;
				CLANG_WARN_EMPTY_BODY = YES;
				CLANG_WARN_ENUM_CONVERSION = YES;
				CLANG_WARN_INFINITE_RECURSION = YES;
				CLANG_WARN_INT_CONVERSION = YES;
				CLANG_WARN_NON_LITERAL_NULL_CONVERSION = YES;
				CLANG_WARN_OBJC_IMPLICIT_RETAIN_SELF = YES;
				CLANG_WARN_OBJC_LITERAL_CONVERSION = YES;
				CLANG_WARN_OBJC_ROOT_CLASS = YES_ERROR;
				CLANG_WARN_RANGE_LOOP_ANALYSIS = YES;
				CLANG_WARN_STRICT_PROTOTYPES = YES;
				CLANG_WARN_SUSPICIOUS_MOVE = YES;
				CLANG_WARN_UNGUARDED_AVAILABILITY = YES_AGGRESSIVE;
				CLANG_WARN_UNREACHABLE_CODE = YES;
				CLANG_WARN__DUPLICATE_METHOD_MATCH = YES;
				CODE_SIGN_IDENTITY = "iPhone Developer";
				COPY_PHASE_STRIP = NO;
				DEBUG_INFORMATION_FORMAT = dwarf;
				ENABLE_STRICT_OBJC_MSGSEND = YES;
				ENABLE_TESTABILITY = YES;
				GCC_C_LANGUAGE_STANDARD = gnu11;
				GCC_DYNAMIC_NO_PIC = NO;
				GCC_NO_COMMON_BLOCKS = YES;
				GCC_OPTIMIZATION_LEVEL = 0;
				GCC_PREPROCESSOR_DEFINITIONS = (
					"DEBUG=1",
					"$(inherited)",
				);
				GCC_WARN_64_TO_32_BIT_CONVERSION = YES;
				GCC_WARN_ABOUT_RETURN_TYPE = YES_ERROR;
				GCC_WARN_UNDECLARED_SELECTOR = YES;
				GCC_WARN_UNINITIALIZED_AUTOS = YES_AGGRESSIVE;
				GCC_WARN_UNUSED_FUNCTION = YES;
				GCC_WARN_UNUSED_VARIABLE = YES;
				IPHONEOS_DEPLOYMENT_TARGET = 12.2;
				MTL_ENABLE_DEBUG_INFO = INCLUDE_SOURCE;
				MTL_FAST_MATH = YES;
				ONLY_ACTIVE_ARCH = YES;
				SDKROOT = iphoneos;
			};
			name = Debug;
		};
		3B026F5E22E5BF6D00349945 /* Release */ = {
			isa = XCBuildConfiguration;
			buildSettings = {
				ALWAYS_SEARCH_USER_PATHS = NO;
				CLANG_ANALYZER_NONNULL = YES;
				CLANG_ANALYZER_NUMBER_OBJECT_CONVERSION = YES_AGGRESSIVE;
				CLANG_CXX_LANGUAGE_STANDARD = "gnu++14";
				CLANG_CXX_LIBRARY = "libc++";
				CLANG_ENABLE_MODULES = YES;
				CLANG_ENABLE_OBJC_ARC = YES;
				CLANG_ENABLE_OBJC_WEAK = YES;
				CLANG_WARN_BLOCK_CAPTURE_AUTORELEASING = YES;
				CLANG_WARN_BOOL_CONVERSION = YES;
				CLANG_WARN_COMMA = YES;
				CLANG_WARN_CONSTANT_CONVERSION = YES;
				CLANG_WARN_DEPRECATED_OBJC_IMPLEMENTATIONS = YES;
				CLANG_WARN_DIRECT_OBJC_ISA_USAGE = YES_ERROR;
				CLANG_WARN_DOCUMENTATION_COMMENTS = YES;
				CLANG_WARN_EMPTY_BODY = YES;
				CLANG_WARN_ENUM_CONVERSION = YES;
				CLANG_WARN_INFINITE_RECURSION = YES;
				CLANG_WARN_INT_CONVERSION = YES;
				CLANG_WARN_NON_LITERAL_NULL_CONVERSION = YES;
				CLANG_WARN_OBJC_IMPLICIT_RETAIN_SELF = YES;
				CLANG_WARN_OBJC_LITERAL_CONVERSION = YES;
				CLANG_WARN_OBJC_ROOT_CLASS = YES_ERROR;
				CLANG_WARN_RANGE_LOOP_ANALYSIS = YES;
				CLANG_WARN_STRICT_PROTOTYPES = YES;
				CLANG_WARN_SUSPICIOUS_MOVE = YES;
				CLANG_WARN_UNGUARDED_AVAILABILITY = YES_AGGRESSIVE;
				CLANG_WARN_UNREACHABLE_CODE = YES;
				CLANG_WARN__DUPLICATE_METHOD_MATCH = YES;
				CODE_SIGN_IDENTITY = "iPhone Developer";
				COPY_PHASE_STRIP = NO;
				DEBUG_INFORMATION_FORMAT = "dwarf-with-dsym";
				ENABLE_NS_ASSERTIONS = NO;
				ENABLE_STRICT_OBJC_MSGSEND = YES;
				GCC_C_LANGUAGE_STANDARD = gnu11;
				GCC_NO_COMMON_BLOCKS = YES;
				GCC_WARN_64_TO_32_BIT_CONVERSION = YES;
				GCC_WARN_ABOUT_RETURN_TYPE = YES_ERROR;
				GCC_WARN_UNDECLARED_SELECTOR = YES;
				GCC_WARN_UNINITIALIZED_AUTOS = YES_AGGRESSIVE;
				GCC_WARN_UNUSED_FUNCTION = YES;
				GCC_WARN_UNUSED_VARIABLE = YES;
				IPHONEOS_DEPLOYMENT_TARGET = 12.2;
				MTL_ENABLE_DEBUG_INFO = NO;
				MTL_FAST_MATH = YES;
				SDKROOT = iphoneos;
				VALIDATE_PRODUCT = YES;
			};
			name = Release;
		};
		3B026F6022E5BF6D00349945 /* Debug */ = {
			isa = XCBuildConfiguration;
			baseConfigurationReference = 6B047621568CC5BFA00792BD /* Pods-YFCommonTableView.debug.xcconfig */;
			buildSettings = {
				ASSETCATALOG_COMPILER_APPICON_NAME = AppIcon;
				CODE_SIGN_STYLE = Automatic;
				DEVELOPMENT_TEAM = E4Y2L76WA9;
				INFOPLIST_FILE = YFCommonTableView/Info.plist;
				IPHONEOS_DEPLOYMENT_TARGET = 9.0;
				LD_RUNPATH_SEARCH_PATHS = (
					"$(inherited)",
					"@executable_path/Frameworks",
				);
				PRODUCT_BUNDLE_IDENTIFIER = com.petcome.smart.YFCommonTableView;
				PRODUCT_NAME = "$(TARGET_NAME)";
				TARGETED_DEVICE_FAMILY = "1,2";
			};
			name = Debug;
		};
		3B026F6122E5BF6D00349945 /* Release */ = {
			isa = XCBuildConfiguration;
			baseConfigurationReference = 83FFE1B36C33A10D786EC85E /* Pods-YFCommonTableView.release.xcconfig */;
			buildSettings = {
				ASSETCATALOG_COMPILER_APPICON_NAME = AppIcon;
				CODE_SIGN_STYLE = Automatic;
				DEVELOPMENT_TEAM = E4Y2L76WA9;
				INFOPLIST_FILE = YFCommonTableView/Info.plist;
				IPHONEOS_DEPLOYMENT_TARGET = 9.0;
				LD_RUNPATH_SEARCH_PATHS = (
					"$(inherited)",
					"@executable_path/Frameworks",
				);
				PRODUCT_BUNDLE_IDENTIFIER = com.petcome.smart.YFCommonTableView;
				PRODUCT_NAME = "$(TARGET_NAME)";
				TARGETED_DEVICE_FAMILY = "1,2";
			};
			name = Release;
		};
/* End XCBuildConfiguration section */

/* Begin XCConfigurationList section */
		3B026F4422E5BF6B00349945 /* Build configuration list for PBXProject "YFCommonTableView" */ = {
			isa = XCConfigurationList;
			buildConfigurations = (
				3B026F5D22E5BF6D00349945 /* Debug */,
				3B026F5E22E5BF6D00349945 /* Release */,
			);
			defaultConfigurationIsVisible = 0;
			defaultConfigurationName = Release;
		};
		3B026F5F22E5BF6D00349945 /* Build configuration list for PBXNativeTarget "YFCommonTableView" */ = {
			isa = XCConfigurationList;
			buildConfigurations = (
				3B026F6022E5BF6D00349945 /* Debug */,
				3B026F6122E5BF6D00349945 /* Release */,
			);
			defaultConfigurationIsVisible = 0;
			defaultConfigurationName = Release;
		};
/* End XCConfigurationList section */
	};
	rootObject = 3B026F4122E5BF6B00349945 /* Project object */;
}
